
Microsoft Visual Studio Solution File, Format Version 12.00
# Visual Studio Version 16
VisualStudioVersion = 16.0.28922.388
MinimumVisualStudioVersion = 10.0.40219.1
Project("{888888A0-9F3D-457C-B088-3A5042F75D52}") = "Lesson6part1", "Lesson6part1\Lesson6part1.pyproj", "{E5ABCE58-AC84-4E86-A11A-019702992386}"
EndProject
Global
	GlobalSection(SolutionConfigurationPlatforms) = preSolution
		Debug|Any CPU = Debug|Any CPU
		Release|Any CPU = Release|Any CPU
	EndGlobalSection
	GlobalSection(ProjectConfigurationPlatforms) = postSolution
		{E5ABCE58-AC84-4E86-A11A-019702992386}.Debug|Any CPU.ActiveCfg = Debug|Any CPU
		{E5ABCE58-AC84-4E86-A11A-019702992386}.Release|Any CPU.ActiveCfg = Release|Any CPU
	EndGlobalSection
	GlobalSection(SolutionProperties) = preSolution
		HideSolutionNode = FALSE
	EndGlobalSection
	GlobalSection(ExtensibilityGlobals) = postSolution
		SolutionGuid = {0DB4F337-AA0C-4139-BB40-B4998ABFAF70}
	EndGlobalSection
EndGlobal
